
Microsoft Visual Studio Solution File, Format Version 12.00
# Visual Studio 2012
Project("{FAE04EC0-301F-11D3-BF4B-00C04F79EFBC}") = "GenerateurProjet_AppGraphique_Couaillier_Masure", "GenerateurProjet_AppGraphique_Couaillier_Masure\GenerateurProjet_AppGraphique_Couaillier_Masure.csproj", "{CC8FB99A-94C7-4912-AE6A-6B430E2AF453}"
EndProject
Global
	GlobalSection(TeamFoundationVersionControl) = preSolution
		SccNumberOfProjects = 2
		SccEnterpriseProvider = {4CA58AB2-18FA-4F8D-95D4-32DDF27D184C}
		SccTeamFoundationServer = https://mmasure.visualstudio.com/defaultcollection
		SccLocalPath0 = .
		SccProjectUniqueName1 = GenerateurProjet_AppGraphique_Couaillier_Masure\\GenerateurProjet_AppGraphique_Couaillier_Masure.csproj
		SccProjectName1 = GenerateurProjet_AppGraphique_Couaillier_Masure
		SccLocalPath1 = GenerateurProjet_AppGraphique_Couaillier_Masure
	EndGlobalSection
	GlobalSection(SolutionConfigurationPlatforms) = preSolution
		Debug|Any CPU = Debug|Any CPU
		Release|Any CPU = Release|Any CPU
	EndGlobalSection
	GlobalSection(ProjectConfigurationPlatforms) = postSolution
		{CC8FB99A-94C7-4912-AE6A-6B430E2AF453}.Debug|Any CPU.ActiveCfg = Debug|Any CPU
		{CC8FB99A-94C7-4912-AE6A-6B430E2AF453}.Debug|Any CPU.Build.0 = Debug|Any CPU
		{CC8FB99A-94C7-4912-AE6A-6B430E2AF453}.Release|Any CPU.ActiveCfg = Release|Any CPU
		{CC8FB99A-94C7-4912-AE6A-6B430E2AF453}.Release|Any CPU.Build.0 = Release|Any CPU
	EndGlobalSection
	GlobalSection(SolutionProperties) = preSolution
		HideSolutionNode = FALSE
	EndGlobalSection
EndGlobal
